
Microsoft Visual Studio Solution File, Format Version 12.00
# Visual Studio Version 17
VisualStudioVersion = 17.5.33627.172
MinimumVisualStudioVersion = 10.0.40219.1
Project("{FAE04EC0-301F-11D3-BF4B-00C04F79EFBC}") = "Core", "Core\Core.csproj", "{76B5A3FF-C749-4E6E-8849-F9D952965626}"
EndProject
Project("{FAE04EC0-301F-11D3-BF4B-00C04F79EFBC}") = "DataBaseLayer", "DataBaseLayer\DataBaseLayer.csproj", "{908B0357-4EC5-428A-A36F-B81E9B36930B}"
EndProject
Project("{FAE04EC0-301F-11D3-BF4B-00C04F79EFBC}") = "ServiceLayer", "ServiceLayer\ServiceLayer.csproj", "{85717DB6-F46D-448A-B6B0-F31661A59477}"
EndProject
Project("{FAE04EC0-301F-11D3-BF4B-00C04F79EFBC}") = "DTO", "DTO\DTO.csproj", "{4048131F-AC84-42CE-8010-5A87489BC8D6}"
EndProject
Global
	GlobalSection(SolutionConfigurationPlatforms) = preSolution
		Debug|Any CPU = Debug|Any CPU
		Release|Any CPU = Release|Any CPU
	EndGlobalSection
	GlobalSection(ProjectConfigurationPlatforms) = postSolution
		{76B5A3FF-C749-4E6E-8849-F9D952965626}.Debug|Any CPU.ActiveCfg = Debug|Any CPU
		{76B5A3FF-C749-4E6E-8849-F9D952965626}.Debug|Any CPU.Build.0 = Debug|Any CPU
		{76B5A3FF-C749-4E6E-8849-F9D952965626}.Release|Any CPU.ActiveCfg = Release|Any CPU
		{76B5A3FF-C749-4E6E-8849-F9D952965626}.Release|Any CPU.Build.0 = Release|Any CPU
		{908B0357-4EC5-428A-A36F-B81E9B36930B}.Debug|Any CPU.ActiveCfg = Debug|Any CPU
		{908B0357-4EC5-428A-A36F-B81E9B36930B}.Debug|Any CPU.Build.0 = Debug|Any CPU
		{908B0357-4EC5-428A-A36F-B81E9B36930B}.Release|Any CPU.ActiveCfg = Release|Any CPU
		{908B0357-4EC5-428A-A36F-B81E9B36930B}.Release|Any CPU.Build.0 = Release|Any CPU
		{85717DB6-F46D-448A-B6B0-F31661A59477}.Debug|Any CPU.ActiveCfg = Debug|Any CPU
		{85717DB6-F46D-448A-B6B0-F31661A59477}.Debug|Any CPU.Build.0 = Debug|Any CPU
		{85717DB6-F46D-448A-B6B0-F31661A59477}.Release|Any CPU.ActiveCfg = Release|Any CPU
		{85717DB6-F46D-448A-B6B0-F31661A59477}.Release|Any CPU.Build.0 = Release|Any CPU
		{4048131F-AC84-42CE-8010-5A87489BC8D6}.Debug|Any CPU.ActiveCfg = Debug|Any CPU
		{4048131F-AC84-42CE-8010-5A87489BC8D6}.Debug|Any CPU.Build.0 = Debug|Any CPU
		{4048131F-AC84-42CE-8010-5A87489BC8D6}.Release|Any CPU.ActiveCfg = Release|Any CPU
		{4048131F-AC84-42CE-8010-5A87489BC8D6}.Release|Any CPU.Build.0 = Release|Any CPU
	EndGlobalSection
	GlobalSection(SolutionProperties) = preSolution
		HideSolutionNode = FALSE
	EndGlobalSection
	GlobalSection(ExtensibilityGlobals) = postSolution
		SolutionGuid = {55AE769C-E863-46F4-B276-04D6EA58BA77}
	EndGlobalSection
EndGlobal
